
Microsoft Visual Studio Solution File, Format Version 12.00
# Visual Studio Version 17
VisualStudioVersion = 17.0.32014.148
MinimumVisualStudioVersion = 10.0.40219.1
Project("{FAE04EC0-301F-11D3-BF4B-00C04F79EFBC}") = "WindowsFormsApp2", "WindowsFormsApp2\WindowsFormsApp2.csproj", "{681E9EDB-E18B-4904-A74E-44AD453C3FFE}"
EndProject
Global
	GlobalSection(SolutionConfigurationPlatforms) = preSolution
		Debug|Any CPU = Debug|Any CPU
		Release|Any CPU = Release|Any CPU
	EndGlobalSection
	GlobalSection(ProjectConfigurationPlatforms) = postSolution
		{681E9EDB-E18B-4904-A74E-44AD453C3FFE}.Debug|Any CPU.ActiveCfg = Debug|Any CPU
		{681E9EDB-E18B-4904-A74E-44AD453C3FFE}.Debug|Any CPU.Build.0 = Debug|Any CPU
		{681E9EDB-E18B-4904-A74E-44AD453C3FFE}.Release|Any CPU.ActiveCfg = Release|Any CPU
		{681E9EDB-E18B-4904-A74E-44AD453C3FFE}.Release|Any CPU.Build.0 = Release|Any CPU
	EndGlobalSection
	GlobalSection(SolutionProperties) = preSolution
		HideSolutionNode = FALSE
	EndGlobalSection
	GlobalSection(ExtensibilityGlobals) = postSolution
		SolutionGuid = {C989E519-4838-4B72-9C68-4E5A6DEE7540}
	EndGlobalSection
EndGlobal
